
Microsoft Visual Studio Solution File, Format Version 12.00
# Visual Studio 15
VisualStudioVersion = 15.0.28307.329
MinimumVisualStudioVersion = 10.0.40219.1
Project("{8BC9CEB8-8B4A-11D0-8D11-00A0C91BC942}") = "FunCPP", "FunCPP\FunCPP.vcxproj", "{CFE7A6E3-8B53-4D84-A86B-591F45457CBA}"
EndProject
Global
	GlobalSection(SolutionConfigurationPlatforms) = preSolution
		Debug|x64 = Debug|x64
		Debug|x86 = Debug|x86
		Release|x64 = Release|x64
		Release|x86 = Release|x86
	EndGlobalSection
	GlobalSection(ProjectConfigurationPlatforms) = postSolution
		{CFE7A6E3-8B53-4D84-A86B-591F45457CBA}.Debug|x64.ActiveCfg = Debug|x64
		{CFE7A6E3-8B53-4D84-A86B-591F45457CBA}.Debug|x64.Build.0 = Debug|x64
		{CFE7A6E3-8B53-4D84-A86B-591F45457CBA}.Debug|x86.ActiveCfg = Debug|Win32
		{CFE7A6E3-8B53-4D84-A86B-591F45457CBA}.Debug|x86.Build.0 = Debug|Win32
		{CFE7A6E3-8B53-4D84-A86B-591F45457CBA}.Release|x64.ActiveCfg = Release|x64
		{CFE7A6E3-8B53-4D84-A86B-591F45457CBA}.Release|x64.Build.0 = Release|x64
		{CFE7A6E3-8B53-4D84-A86B-591F45457CBA}.Release|x86.ActiveCfg = Release|Win32
		{CFE7A6E3-8B53-4D84-A86B-591F45457CBA}.Release|x86.Build.0 = Release|Win32
	EndGlobalSection
	GlobalSection(SolutionProperties) = preSolution
		HideSolutionNode = FALSE
	EndGlobalSection
	GlobalSection(ExtensibilityGlobals) = postSolution
		SolutionGuid = {E7D60736-AF1D-474F-8230-A4866BCC639D}
	EndGlobalSection
EndGlobal
